
Microsoft Visual Studio Solution File, Format Version 12.00
# Visual Studio 15
VisualStudioVersion = 15.0.28010.2041
MinimumVisualStudioVersion = 10.0.40219.1
Project("{FAE04EC0-301F-11D3-BF4B-00C04F79EFBC}") = "M3uGenerator", "M3uGenerator\M3uGenerator.csproj", "{643D17DC-26E7-407A-A6C4-B469953478F7}"
EndProject
Project("{FAE04EC0-301F-11D3-BF4B-00C04F79EFBC}") = "XiamiTags", "XiamiTags\XiamiTags.csproj", "{EBF27BDD-2179-40B0-8FCF-FD1908C9847F}"
EndProject
Global
	GlobalSection(SolutionConfigurationPlatforms) = preSolution
		Debug|Any CPU = Debug|Any CPU
		Release|Any CPU = Release|Any CPU
	EndGlobalSection
	GlobalSection(ProjectConfigurationPlatforms) = postSolution
		{643D17DC-26E7-407A-A6C4-B469953478F7}.Debug|Any CPU.ActiveCfg = Debug|Any CPU
		{643D17DC-26E7-407A-A6C4-B469953478F7}.Debug|Any CPU.Build.0 = Debug|Any CPU
		{643D17DC-26E7-407A-A6C4-B469953478F7}.Release|Any CPU.ActiveCfg = Release|Any CPU
		{643D17DC-26E7-407A-A6C4-B469953478F7}.Release|Any CPU.Build.0 = Release|Any CPU
		{EBF27BDD-2179-40B0-8FCF-FD1908C9847F}.Debug|Any CPU.ActiveCfg = Debug|Any CPU
		{EBF27BDD-2179-40B0-8FCF-FD1908C9847F}.Debug|Any CPU.Build.0 = Debug|Any CPU
		{EBF27BDD-2179-40B0-8FCF-FD1908C9847F}.Release|Any CPU.ActiveCfg = Release|Any CPU
		{EBF27BDD-2179-40B0-8FCF-FD1908C9847F}.Release|Any CPU.Build.0 = Release|Any CPU
	EndGlobalSection
	GlobalSection(SolutionProperties) = preSolution
		HideSolutionNode = FALSE
	EndGlobalSection
	GlobalSection(ExtensibilityGlobals) = postSolution
		SolutionGuid = {4B9F9955-FAC1-4EDD-8CC4-1504A2D641DB}
	EndGlobalSection
EndGlobal
